
Microsoft Visual Studio Solution File, Format Version 12.00
# Visual Studio Version 17
VisualStudioVersion = 17.0.32014.148
MinimumVisualStudioVersion = 10.0.40219.1
Project("{FAE04EC0-301F-11D3-BF4B-00C04F79EFBC}") = "OhNoAir", "OhNoAir\OhNoAir.csproj", "{13913476-3493-4F8E-A7B6-AC1E1D4FAFB3}"
EndProject
Global
	GlobalSection(SolutionConfigurationPlatforms) = preSolution
		Debug|Any CPU = Debug|Any CPU
		Release|Any CPU = Release|Any CPU
	EndGlobalSection
	GlobalSection(ProjectConfigurationPlatforms) = postSolution
		{13913476-3493-4F8E-A7B6-AC1E1D4FAFB3}.Debug|Any CPU.ActiveCfg = Debug|Any CPU
		{13913476-3493-4F8E-A7B6-AC1E1D4FAFB3}.Debug|Any CPU.Build.0 = Debug|Any CPU
		{13913476-3493-4F8E-A7B6-AC1E1D4FAFB3}.Release|Any CPU.ActiveCfg = Release|Any CPU
		{13913476-3493-4F8E-A7B6-AC1E1D4FAFB3}.Release|Any CPU.Build.0 = Release|Any CPU
	EndGlobalSection
	GlobalSection(SolutionProperties) = preSolution
		HideSolutionNode = FALSE
	EndGlobalSection
	GlobalSection(ExtensibilityGlobals) = postSolution
		SolutionGuid = {03BC57DB-5D88-432E-A5B0-4351DFEF002D}
	EndGlobalSection
EndGlobal
